
Microsoft Visual Studio Solution File, Format Version 12.00
# Visual Studio 2013
VisualStudioVersion = 12.0.31101.0
MinimumVisualStudioVersion = 10.0.40219.1
Project("{FAE04EC0-301F-11D3-BF4B-00C04F79EFBC}") = "LoLHeatMap", "LoLHeatMap\LoLHeatMap.csproj", "{C87373E1-13F9-4693-85A2-2A1D1C9B326B}"
EndProject
Project("{FAE04EC0-301F-11D3-BF4B-00C04F79EFBC}") = "LoLJson", "LoLJson\LoLJson.csproj", "{AA8A9C0C-D7C0-46FE-B32B-B02ABBAD235D}"
EndProject
Project("{FAE04EC0-301F-11D3-BF4B-00C04F79EFBC}") = "LolDb", "LolDb\LolDb.csproj", "{D198E1CF-E52B-4FFD-B564-271A5FEA1045}"
EndProject
Global
	GlobalSection(SolutionConfigurationPlatforms) = preSolution
		Debug|Any CPU = Debug|Any CPU
		Release|Any CPU = Release|Any CPU
	EndGlobalSection
	GlobalSection(ProjectConfigurationPlatforms) = postSolution
		{C87373E1-13F9-4693-85A2-2A1D1C9B326B}.Debug|Any CPU.ActiveCfg = Debug|Any CPU
		{C87373E1-13F9-4693-85A2-2A1D1C9B326B}.Debug|Any CPU.Build.0 = Debug|Any CPU
		{C87373E1-13F9-4693-85A2-2A1D1C9B326B}.Release|Any CPU.ActiveCfg = Release|Any CPU
		{C87373E1-13F9-4693-85A2-2A1D1C9B326B}.Release|Any CPU.Build.0 = Release|Any CPU
		{AA8A9C0C-D7C0-46FE-B32B-B02ABBAD235D}.Debug|Any CPU.ActiveCfg = Debug|Any CPU
		{AA8A9C0C-D7C0-46FE-B32B-B02ABBAD235D}.Debug|Any CPU.Build.0 = Debug|Any CPU
		{AA8A9C0C-D7C0-46FE-B32B-B02ABBAD235D}.Release|Any CPU.ActiveCfg = Release|Any CPU
		{AA8A9C0C-D7C0-46FE-B32B-B02ABBAD235D}.Release|Any CPU.Build.0 = Release|Any CPU
		{D198E1CF-E52B-4FFD-B564-271A5FEA1045}.Debug|Any CPU.ActiveCfg = Debug|Any CPU
		{D198E1CF-E52B-4FFD-B564-271A5FEA1045}.Debug|Any CPU.Build.0 = Debug|Any CPU
		{D198E1CF-E52B-4FFD-B564-271A5FEA1045}.Release|Any CPU.ActiveCfg = Release|Any CPU
		{D198E1CF-E52B-4FFD-B564-271A5FEA1045}.Release|Any CPU.Build.0 = Release|Any CPU
	EndGlobalSection
	GlobalSection(SolutionProperties) = preSolution
		HideSolutionNode = FALSE
	EndGlobalSection
EndGlobal
